
Microsoft Visual Studio Solution File, Format Version 12.00
# Visual Studio 15
VisualStudioVersion = 15.0.28010.2026
MinimumVisualStudioVersion = 10.0.40219.1
Project("{FAE04EC0-301F-11D3-BF4B-00C04F79EFBC}") = "FileNameRenumber", "FileNameRenumber\FileNameRenumber.csproj", "{3B683FB9-E1FC-4312-96E6-A5F92824E288}"
EndProject
Global
	GlobalSection(SolutionConfigurationPlatforms) = preSolution
		Debug|Any CPU = Debug|Any CPU
		Release|Any CPU = Release|Any CPU
	EndGlobalSection
	GlobalSection(ProjectConfigurationPlatforms) = postSolution
		{3B683FB9-E1FC-4312-96E6-A5F92824E288}.Debug|Any CPU.ActiveCfg = Debug|Any CPU
		{3B683FB9-E1FC-4312-96E6-A5F92824E288}.Debug|Any CPU.Build.0 = Debug|Any CPU
		{3B683FB9-E1FC-4312-96E6-A5F92824E288}.Release|Any CPU.ActiveCfg = Release|Any CPU
		{3B683FB9-E1FC-4312-96E6-A5F92824E288}.Release|Any CPU.Build.0 = Release|Any CPU
	EndGlobalSection
	GlobalSection(SolutionProperties) = preSolution
		HideSolutionNode = FALSE
	EndGlobalSection
	GlobalSection(ExtensibilityGlobals) = postSolution
		SolutionGuid = {429B0BA7-D397-4033-AEF7-1AA582304372}
	EndGlobalSection
EndGlobal
